
Microsoft Visual Studio Solution File, Format Version 12.00
# Visual Studio Version 16
VisualStudioVersion = 16.0.29326.143
MinimumVisualStudioVersion = 10.0.40219.1
Project("{9A19103F-16F7-4668-BE54-9A1E7A4F7556}") = "IES", "IES.csproj", "{38A6C137-FB13-4D7B-9940-49EB3C9BAC87}"
EndProject
Project("{FAE04EC0-301F-11D3-BF4B-00C04F79EFBC}") = "Model", "Model\Model.csproj", "{23D8D74B-A5CE-4E23-9486-F264D75A7A9F}"
EndProject
Global
	GlobalSection(SolutionConfigurationPlatforms) = preSolution
		Debug|Any CPU = Debug|Any CPU
		Release|Any CPU = Release|Any CPU
	EndGlobalSection
	GlobalSection(ProjectConfigurationPlatforms) = postSolution
		{38A6C137-FB13-4D7B-9940-49EB3C9BAC87}.Debug|Any CPU.ActiveCfg = Debug|Any CPU
		{38A6C137-FB13-4D7B-9940-49EB3C9BAC87}.Debug|Any CPU.Build.0 = Debug|Any CPU
		{38A6C137-FB13-4D7B-9940-49EB3C9BAC87}.Release|Any CPU.ActiveCfg = Release|Any CPU
		{38A6C137-FB13-4D7B-9940-49EB3C9BAC87}.Release|Any CPU.Build.0 = Release|Any CPU
		{23D8D74B-A5CE-4E23-9486-F264D75A7A9F}.Debug|Any CPU.ActiveCfg = Debug|Any CPU
		{23D8D74B-A5CE-4E23-9486-F264D75A7A9F}.Debug|Any CPU.Build.0 = Debug|Any CPU
		{23D8D74B-A5CE-4E23-9486-F264D75A7A9F}.Release|Any CPU.ActiveCfg = Release|Any CPU
		{23D8D74B-A5CE-4E23-9486-F264D75A7A9F}.Release|Any CPU.Build.0 = Release|Any CPU
	EndGlobalSection
	GlobalSection(SolutionProperties) = preSolution
		HideSolutionNode = FALSE
	EndGlobalSection
	GlobalSection(ExtensibilityGlobals) = postSolution
		SolutionGuid = {E33F8EDD-3C0B-4CBC-AD4C-981F3484D260}
	EndGlobalSection
EndGlobal
